
Microsoft Visual Studio Solution File, Format Version 12.00
# Visual Studio Version 17
VisualStudioVersion = 17.0.31903.59
MinimumVisualStudioVersion = 10.0.40219.1
Project("{2150E333-8FDC-42A3-9474-1A3956D46DE8}") = "tests", "tests", "{0AB3BF05-4346-4AA6-1389-037BE0695223}"
EndProject
Project("{FAE04EC0-301F-11D3-BF4B-00C04F79EFBC}") = "LLMScanHelper.Tests", "tests\LLMScanHelper.Tests\LLMScanHelper.Tests.csproj", "{5DBAC8BD-46FE-49FE-8624-0A549A89D3F1}"
EndProject
Project("{2150E333-8FDC-42A3-9474-1A3956D46DE8}") = "Core", "Core", "{FBF56CC3-7AE6-AD2D-3F14-7F97FD322CD6}"
EndProject
Project("{FAE04EC0-301F-11D3-BF4B-00C04F79EFBC}") = "LlmScanHelper.Core", "Core\LlmScanHelper.Core\LlmScanHelper.Core.csproj", "{0B98AAEE-E464-4CF7-B43F-AB2830CB0F0E}"
EndProject
Project("{2150E333-8FDC-42A3-9474-1A3956D46DE8}") = "UI", "UI", "{FA674B5A-3394-926C-2B1E-70E5B00E4A5C}"
EndProject
Project("{FAE04EC0-301F-11D3-BF4B-00C04F79EFBC}") = "LlmScanHelper.UI.Common", "UI\LlmScanHelper.UI.Common\LlmScanHelper.UI.Common.csproj", "{CF765571-A7D5-4737-A41C-DEEB657DFCE2}"
EndProject
Project("{FAE04EC0-301F-11D3-BF4B-00C04F79EFBC}") = "LlmScanHelper.UI.Windows", "UI\LlmScanHelper.UI.Windows\LlmScanHelper.UI.Windows.csproj", "{D731AF0D-C4C6-4C4A-B5AE-907DE873892C}"
EndProject
Global
	GlobalSection(SolutionConfigurationPlatforms) = preSolution
		Debug|Any CPU = Debug|Any CPU
		Debug|x64 = Debug|x64
		Debug|x86 = Debug|x86
		Release|Any CPU = Release|Any CPU
		Release|x64 = Release|x64
		Release|x86 = Release|x86
	EndGlobalSection
	GlobalSection(ProjectConfigurationPlatforms) = postSolution
		{5DBAC8BD-46FE-49FE-8624-0A549A89D3F1}.Debug|Any CPU.ActiveCfg = Debug|Any CPU
		{5DBAC8BD-46FE-49FE-8624-0A549A89D3F1}.Debug|Any CPU.Build.0 = Debug|Any CPU
		{5DBAC8BD-46FE-49FE-8624-0A549A89D3F1}.Debug|x64.ActiveCfg = Debug|Any CPU
		{5DBAC8BD-46FE-49FE-8624-0A549A89D3F1}.Debug|x64.Build.0 = Debug|Any CPU
		{5DBAC8BD-46FE-49FE-8624-0A549A89D3F1}.Debug|x86.ActiveCfg = Debug|Any CPU
		{5DBAC8BD-46FE-49FE-8624-0A549A89D3F1}.Debug|x86.Build.0 = Debug|Any CPU
		{5DBAC8BD-46FE-49FE-8624-0A549A89D3F1}.Release|Any CPU.ActiveCfg = Release|Any CPU
		{5DBAC8BD-46FE-49FE-8624-0A549A89D3F1}.Release|Any CPU.Build.0 = Release|Any CPU
		{5DBAC8BD-46FE-49FE-8624-0A549A89D3F1}.Release|x64.ActiveCfg = Release|Any CPU
		{5DBAC8BD-46FE-49FE-8624-0A549A89D3F1}.Release|x64.Build.0 = Release|Any CPU
		{5DBAC8BD-46FE-49FE-8624-0A549A89D3F1}.Release|x86.ActiveCfg = Release|Any CPU
		{5DBAC8BD-46FE-49FE-8624-0A549A89D3F1}.Release|x86.Build.0 = Release|Any CPU
		{0B98AAEE-E464-4CF7-B43F-AB2830CB0F0E}.Debug|Any CPU.ActiveCfg = Debug|Any CPU
		{0B98AAEE-E464-4CF7-B43F-AB2830CB0F0E}.Debug|Any CPU.Build.0 = Debug|Any CPU
		{0B98AAEE-E464-4CF7-B43F-AB2830CB0F0E}.Debug|x64.ActiveCfg = Debug|Any CPU
		{0B98AAEE-E464-4CF7-B43F-AB2830CB0F0E}.Debug|x64.Build.0 = Debug|Any CPU
		{0B98AAEE-E464-4CF7-B43F-AB2830CB0F0E}.Debug|x86.ActiveCfg = Debug|Any CPU
		{0B98AAEE-E464-4CF7-B43F-AB2830CB0F0E}.Debug|x86.Build.0 = Debug|Any CPU
		{0B98AAEE-E464-4CF7-B43F-AB2830CB0F0E}.Release|Any CPU.ActiveCfg = Release|Any CPU
		{0B98AAEE-E464-4CF7-B43F-AB2830CB0F0E}.Release|Any CPU.Build.0 = Release|Any CPU
		{0B98AAEE-E464-4CF7-B43F-AB2830CB0F0E}.Release|x64.ActiveCfg = Release|Any CPU
		{0B98AAEE-E464-4CF7-B43F-AB2830CB0F0E}.Release|x64.Build.0 = Release|Any CPU
		{0B98AAEE-E464-4CF7-B43F-AB2830CB0F0E}.Release|x86.ActiveCfg = Release|Any CPU
		{0B98AAEE-E464-4CF7-B43F-AB2830CB0F0E}.Release|x86.Build.0 = Release|Any CPU
		{CF765571-A7D5-4737-A41C-DEEB657DFCE2}.Debug|Any CPU.ActiveCfg = Debug|Any CPU
		{CF765571-A7D5-4737-A41C-DEEB657DFCE2}.Debug|Any CPU.Build.0 = Debug|Any CPU
		{CF765571-A7D5-4737-A41C-DEEB657DFCE2}.Debug|x64.ActiveCfg = Debug|Any CPU
		{CF765571-A7D5-4737-A41C-DEEB657DFCE2}.Debug|x64.Build.0 = Debug|Any CPU
		{CF765571-A7D5-4737-A41C-DEEB657DFCE2}.Debug|x86.ActiveCfg = Debug|Any CPU
		{CF765571-A7D5-4737-A41C-DEEB657DFCE2}.Debug|x86.Build.0 = Debug|Any CPU
		{CF765571-A7D5-4737-A41C-DEEB657DFCE2}.Release|Any CPU.ActiveCfg = Release|Any CPU
		{CF765571-A7D5-4737-A41C-DEEB657DFCE2}.Release|Any CPU.Build.0 = Release|Any CPU
		{CF765571-A7D5-4737-A41C-DEEB657DFCE2}.Release|x64.ActiveCfg = Release|Any CPU
		{CF765571-A7D5-4737-A41C-DEEB657DFCE2}.Release|x64.Build.0 = Release|Any CPU
		{CF765571-A7D5-4737-A41C-DEEB657DFCE2}.Release|x86.ActiveCfg = Release|Any CPU
		{CF765571-A7D5-4737-A41C-DEEB657DFCE2}.Release|x86.Build.0 = Release|Any CPU
		{D731AF0D-C4C6-4C4A-B5AE-907DE873892C}.Debug|Any CPU.ActiveCfg = Debug|Any CPU
		{D731AF0D-C4C6-4C4A-B5AE-907DE873892C}.Debug|Any CPU.Build.0 = Debug|Any CPU
		{D731AF0D-C4C6-4C4A-B5AE-907DE873892C}.Debug|x64.ActiveCfg = Debug|Any CPU
		{D731AF0D-C4C6-4C4A-B5AE-907DE873892C}.Debug|x64.Build.0 = Debug|Any CPU
		{D731AF0D-C4C6-4C4A-B5AE-907DE873892C}.Debug|x86.ActiveCfg = Debug|Any CPU
		{D731AF0D-C4C6-4C4A-B5AE-907DE873892C}.Debug|x86.Build.0 = Debug|Any CPU
		{D731AF0D-C4C6-4C4A-B5AE-907DE873892C}.Release|Any CPU.ActiveCfg = Release|Any CPU
		{D731AF0D-C4C6-4C4A-B5AE-907DE873892C}.Release|Any CPU.Build.0 = Release|Any CPU
		{D731AF0D-C4C6-4C4A-B5AE-907DE873892C}.Release|x64.ActiveCfg = Release|Any CPU
		{D731AF0D-C4C6-4C4A-B5AE-907DE873892C}.Release|x64.Build.0 = Release|Any CPU
		{D731AF0D-C4C6-4C4A-B5AE-907DE873892C}.Release|x86.ActiveCfg = Release|Any CPU
		{D731AF0D-C4C6-4C4A-B5AE-907DE873892C}.Release|x86.Build.0 = Release|Any CPU
	EndGlobalSection
	GlobalSection(SolutionProperties) = preSolution
		HideSolutionNode = FALSE
	EndGlobalSection
	GlobalSection(NestedProjects) = preSolution
		{5DBAC8BD-46FE-49FE-8624-0A549A89D3F1} = {0AB3BF05-4346-4AA6-1389-037BE0695223}
		{0B98AAEE-E464-4CF7-B43F-AB2830CB0F0E} = {FBF56CC3-7AE6-AD2D-3F14-7F97FD322CD6}
		{CF765571-A7D5-4737-A41C-DEEB657DFCE2} = {FA674B5A-3394-926C-2B1E-70E5B00E4A5C}
		{D731AF0D-C4C6-4C4A-B5AE-907DE873892C} = {FA674B5A-3394-926C-2B1E-70E5B00E4A5C}
	EndGlobalSection
EndGlobal
